
Microsoft Visual Studio Solution File, Format Version 12.00
# Visual Studio Version 17
VisualStudioVersion = 17.9.34723.18
MinimumVisualStudioVersion = 10.0.40219.1
Project("{2150E333-8FDC-42A3-9474-1A3956D46DE8}") = "Services", "Services", "{D3378627-838B-42F7-B47D-DAB778A4DBBB}"
EndProject
Project("{2150E333-8FDC-42A3-9474-1A3956D46DE8}") = "Catalog", "Catalog", "{8405F49A-2E2A-403B-86B7-66F90826EDB0}"
EndProject
Project("{9A19103F-16F7-4668-BE54-9A1E7A4F7556}") = "Catalog.API", "Services\Catalog\Catalog.API\Catalog.API.csproj", "{7E2CCC1C-AF87-4884-A7CA-98B9E440387B}"
EndProject
Project("{2150E333-8FDC-42A3-9474-1A3956D46DE8}") = "BuildingBlocks", "BuildingBlocks", "{B93F0736-A3AC-4B79-8A13-CB7861F3DC29}"
EndProject
Project("{9A19103F-16F7-4668-BE54-9A1E7A4F7556}") = "BuildingBlocks", "BuildingBlocks\BuildingBlocks\BuildingBlocks.csproj", "{8D27F0DF-EA95-4B61-93EE-4F5269D7E348}"
EndProject
Project("{E53339B2-1760-4266-BCC7-CA923CBCF16C}") = "docker-compose", "docker-compose.dcproj", "{542058BB-DCC6-4338-94DF-1AD73FD9E011}"
EndProject
Project("{2150E333-8FDC-42A3-9474-1A3956D46DE8}") = "Basket", "Basket", "{28BC8530-EF1C-4493-8E56-F9AD6ED3FE61}"
EndProject
Project("{9A19103F-16F7-4668-BE54-9A1E7A4F7556}") = "Basket.API", "Services\Basket\Basket.API\Basket.API.csproj", "{61529F9B-00C0-421A-91AE-D9E840AF0EEE}"
EndProject
Project("{2150E333-8FDC-42A3-9474-1A3956D46DE8}") = "Discount", "Discount", "{5B8FD0EB-44E2-4043-AF5D-0B9763EE5BC7}"
EndProject
Project("{9A19103F-16F7-4668-BE54-9A1E7A4F7556}") = "Discount.Grpc", "Services\Discount\Discount.Grpc\Discount.Grpc.csproj", "{F0D2316F-B0B9-4638-B484-7033B0506791}"
EndProject
Project("{2150E333-8FDC-42A3-9474-1A3956D46DE8}") = "Ordering", "Ordering", "{BF8F19FA-1AAE-48A6-953E-547B4E2A4D9E}"
EndProject
Project("{9A19103F-16F7-4668-BE54-9A1E7A4F7556}") = "Ordering.API", "Services\Ordering\Ordering.API\Ordering.API.csproj", "{5B106875-0813-4248-8BC0-5625A4DE4651}"
EndProject
Project("{FAE04EC0-301F-11D3-BF4B-00C04F79EFBC}") = "Ordering.Domain", "Services\Ordering\Ordering.Domain\Ordering.Domain.csproj", "{1F8B4329-B33E-4589-88EA-5927687AC07C}"
EndProject
Project("{FAE04EC0-301F-11D3-BF4B-00C04F79EFBC}") = "Ordering.Application", "Services\Ordering\Ordering.Application\Ordering.Application.csproj", "{A2488B76-616D-46C6-B6BE-A8A24340DBE4}"
EndProject
Project("{FAE04EC0-301F-11D3-BF4B-00C04F79EFBC}") = "Ordering.Infrastructure", "Services\Ordering\Ordering.Infrastructure\Ordering.Infrastructure.csproj", "{4F814B0D-283E-4444-8EEF-1A2BA902A205}"
EndProject
Global
	GlobalSection(SolutionConfigurationPlatforms) = preSolution
		Debug|Any CPU = Debug|Any CPU
		Release|Any CPU = Release|Any CPU
	EndGlobalSection
	GlobalSection(ProjectConfigurationPlatforms) = postSolution
		{7E2CCC1C-AF87-4884-A7CA-98B9E440387B}.Debug|Any CPU.ActiveCfg = Debug|Any CPU
		{7E2CCC1C-AF87-4884-A7CA-98B9E440387B}.Debug|Any CPU.Build.0 = Debug|Any CPU
		{7E2CCC1C-AF87-4884-A7CA-98B9E440387B}.Release|Any CPU.ActiveCfg = Release|Any CPU
		{7E2CCC1C-AF87-4884-A7CA-98B9E440387B}.Release|Any CPU.Build.0 = Release|Any CPU
		{8D27F0DF-EA95-4B61-93EE-4F5269D7E348}.Debug|Any CPU.ActiveCfg = Debug|Any CPU
		{8D27F0DF-EA95-4B61-93EE-4F5269D7E348}.Debug|Any CPU.Build.0 = Debug|Any CPU
		{8D27F0DF-EA95-4B61-93EE-4F5269D7E348}.Release|Any CPU.ActiveCfg = Release|Any CPU
		{8D27F0DF-EA95-4B61-93EE-4F5269D7E348}.Release|Any CPU.Build.0 = Release|Any CPU
		{542058BB-DCC6-4338-94DF-1AD73FD9E011}.Debug|Any CPU.ActiveCfg = Debug|Any CPU
		{542058BB-DCC6-4338-94DF-1AD73FD9E011}.Debug|Any CPU.Build.0 = Debug|Any CPU
		{542058BB-DCC6-4338-94DF-1AD73FD9E011}.Release|Any CPU.ActiveCfg = Release|Any CPU
		{542058BB-DCC6-4338-94DF-1AD73FD9E011}.Release|Any CPU.Build.0 = Release|Any CPU
		{61529F9B-00C0-421A-91AE-D9E840AF0EEE}.Debug|Any CPU.ActiveCfg = Debug|Any CPU
		{61529F9B-00C0-421A-91AE-D9E840AF0EEE}.Debug|Any CPU.Build.0 = Debug|Any CPU
		{61529F9B-00C0-421A-91AE-D9E840AF0EEE}.Release|Any CPU.ActiveCfg = Release|Any CPU
		{61529F9B-00C0-421A-91AE-D9E840AF0EEE}.Release|Any CPU.Build.0 = Release|Any CPU
		{F0D2316F-B0B9-4638-B484-7033B0506791}.Debug|Any CPU.ActiveCfg = Debug|Any CPU
		{F0D2316F-B0B9-4638-B484-7033B0506791}.Debug|Any CPU.Build.0 = Debug|Any CPU
		{F0D2316F-B0B9-4638-B484-7033B0506791}.Release|Any CPU.ActiveCfg = Release|Any CPU
		{F0D2316F-B0B9-4638-B484-7033B0506791}.Release|Any CPU.Build.0 = Release|Any CPU
		{5B106875-0813-4248-8BC0-5625A4DE4651}.Debug|Any CPU.ActiveCfg = Debug|Any CPU
		{5B106875-0813-4248-8BC0-5625A4DE4651}.Debug|Any CPU.Build.0 = Debug|Any CPU
		{5B106875-0813-4248-8BC0-5625A4DE4651}.Release|Any CPU.ActiveCfg = Release|Any CPU
		{5B106875-0813-4248-8BC0-5625A4DE4651}.Release|Any CPU.Build.0 = Release|Any CPU
		{1F8B4329-B33E-4589-88EA-5927687AC07C}.Debug|Any CPU.ActiveCfg = Debug|Any CPU
		{1F8B4329-B33E-4589-88EA-5927687AC07C}.Debug|Any CPU.Build.0 = Debug|Any CPU
		{1F8B4329-B33E-4589-88EA-5927687AC07C}.Release|Any CPU.ActiveCfg = Release|Any CPU
		{1F8B4329-B33E-4589-88EA-5927687AC07C}.Release|Any CPU.Build.0 = Release|Any CPU
		{A2488B76-616D-46C6-B6BE-A8A24340DBE4}.Debug|Any CPU.ActiveCfg = Debug|Any CPU
		{A2488B76-616D-46C6-B6BE-A8A24340DBE4}.Debug|Any CPU.Build.0 = Debug|Any CPU
		{A2488B76-616D-46C6-B6BE-A8A24340DBE4}.Release|Any CPU.ActiveCfg = Release|Any CPU
		{A2488B76-616D-46C6-B6BE-A8A24340DBE4}.Release|Any CPU.Build.0 = Release|Any CPU
		{4F814B0D-283E-4444-8EEF-1A2BA902A205}.Debug|Any CPU.ActiveCfg = Debug|Any CPU
		{4F814B0D-283E-4444-8EEF-1A2BA902A205}.Debug|Any CPU.Build.0 = Debug|Any CPU
		{4F814B0D-283E-4444-8EEF-1A2BA902A205}.Release|Any CPU.ActiveCfg = Release|Any CPU
		{4F814B0D-283E-4444-8EEF-1A2BA902A205}.Release|Any CPU.Build.0 = Release|Any CPU
	EndGlobalSection
	GlobalSection(SolutionProperties) = preSolution
		HideSolutionNode = FALSE
	EndGlobalSection
	GlobalSection(NestedProjects) = preSolution
		{8405F49A-2E2A-403B-86B7-66F90826EDB0} = {D3378627-838B-42F7-B47D-DAB778A4DBBB}
		{7E2CCC1C-AF87-4884-A7CA-98B9E440387B} = {8405F49A-2E2A-403B-86B7-66F90826EDB0}
		{8D27F0DF-EA95-4B61-93EE-4F5269D7E348} = {B93F0736-A3AC-4B79-8A13-CB7861F3DC29}
		{28BC8530-EF1C-4493-8E56-F9AD6ED3FE61} = {D3378627-838B-42F7-B47D-DAB778A4DBBB}
		{61529F9B-00C0-421A-91AE-D9E840AF0EEE} = {28BC8530-EF1C-4493-8E56-F9AD6ED3FE61}
		{5B8FD0EB-44E2-4043-AF5D-0B9763EE5BC7} = {D3378627-838B-42F7-B47D-DAB778A4DBBB}
		{F0D2316F-B0B9-4638-B484-7033B0506791} = {5B8FD0EB-44E2-4043-AF5D-0B9763EE5BC7}
		{BF8F19FA-1AAE-48A6-953E-547B4E2A4D9E} = {D3378627-838B-42F7-B47D-DAB778A4DBBB}
		{5B106875-0813-4248-8BC0-5625A4DE4651} = {BF8F19FA-1AAE-48A6-953E-547B4E2A4D9E}
		{1F8B4329-B33E-4589-88EA-5927687AC07C} = {BF8F19FA-1AAE-48A6-953E-547B4E2A4D9E}
		{A2488B76-616D-46C6-B6BE-A8A24340DBE4} = {BF8F19FA-1AAE-48A6-953E-547B4E2A4D9E}
		{4F814B0D-283E-4444-8EEF-1A2BA902A205} = {BF8F19FA-1AAE-48A6-953E-547B4E2A4D9E}
	EndGlobalSection
	GlobalSection(ExtensibilityGlobals) = postSolution
		SolutionGuid = {58808325-9050-460E-A0E1-EE4BC3FBD50D}
	EndGlobalSection
EndGlobal
