
Microsoft Visual Studio Solution File, Format Version 12.00
# Visual Studio Version 17
VisualStudioVersion = 17.9.34723.18
MinimumVisualStudioVersion = 10.0.40219.1
Project("{2150E333-8FDC-42A3-9474-1A3956D46DE8}") = "Services", "Services", "{D3378627-838B-42F7-B47D-DAB778A4DBBB}"
EndProject
Project("{2150E333-8FDC-42A3-9474-1A3956D46DE8}") = "Catalog", "Catalog", "{8405F49A-2E2A-403B-86B7-66F90826EDB0}"
EndProject
Project("{9A19103F-16F7-4668-BE54-9A1E7A4F7556}") = "Catalog.API", "Services\Catalog\Catalog.API\Catalog.API.csproj", "{7E2CCC1C-AF87-4884-A7CA-98B9E440387B}"
EndProject
Project("{2150E333-8FDC-42A3-9474-1A3956D46DE8}") = "BuildingBlocks", "BuildingBlocks", "{B93F0736-A3AC-4B79-8A13-CB7861F3DC29}"
EndProject
Project("{9A19103F-16F7-4668-BE54-9A1E7A4F7556}") = "BuildingBlocks", "BuildingBlocks\BuildingBlocks\BuildingBlocks.csproj", "{8D27F0DF-EA95-4B61-93EE-4F5269D7E348}"
EndProject
Project("{E53339B2-1760-4266-BCC7-CA923CBCF16C}") = "docker-compose", "docker-compose.dcproj", "{542058BB-DCC6-4338-94DF-1AD73FD9E011}"
EndProject
Global
	GlobalSection(SolutionConfigurationPlatforms) = preSolution
		Debug|Any CPU = Debug|Any CPU
		Release|Any CPU = Release|Any CPU
	EndGlobalSection
	GlobalSection(ProjectConfigurationPlatforms) = postSolution
		{7E2CCC1C-AF87-4884-A7CA-98B9E440387B}.Debug|Any CPU.ActiveCfg = Debug|Any CPU
		{7E2CCC1C-AF87-4884-A7CA-98B9E440387B}.Debug|Any CPU.Build.0 = Debug|Any CPU
		{7E2CCC1C-AF87-4884-A7CA-98B9E440387B}.Release|Any CPU.ActiveCfg = Release|Any CPU
		{7E2CCC1C-AF87-4884-A7CA-98B9E440387B}.Release|Any CPU.Build.0 = Release|Any CPU
		{8D27F0DF-EA95-4B61-93EE-4F5269D7E348}.Debug|Any CPU.ActiveCfg = Debug|Any CPU
		{8D27F0DF-EA95-4B61-93EE-4F5269D7E348}.Debug|Any CPU.Build.0 = Debug|Any CPU
		{8D27F0DF-EA95-4B61-93EE-4F5269D7E348}.Release|Any CPU.ActiveCfg = Release|Any CPU
		{8D27F0DF-EA95-4B61-93EE-4F5269D7E348}.Release|Any CPU.Build.0 = Release|Any CPU
		{542058BB-DCC6-4338-94DF-1AD73FD9E011}.Debug|Any CPU.ActiveCfg = Debug|Any CPU
		{542058BB-DCC6-4338-94DF-1AD73FD9E011}.Debug|Any CPU.Build.0 = Debug|Any CPU
		{542058BB-DCC6-4338-94DF-1AD73FD9E011}.Release|Any CPU.ActiveCfg = Release|Any CPU
		{542058BB-DCC6-4338-94DF-1AD73FD9E011}.Release|Any CPU.Build.0 = Release|Any CPU
	EndGlobalSection
	GlobalSection(SolutionProperties) = preSolution
		HideSolutionNode = FALSE
	EndGlobalSection
	GlobalSection(NestedProjects) = preSolution
		{8405F49A-2E2A-403B-86B7-66F90826EDB0} = {D3378627-838B-42F7-B47D-DAB778A4DBBB}
		{7E2CCC1C-AF87-4884-A7CA-98B9E440387B} = {8405F49A-2E2A-403B-86B7-66F90826EDB0}
		{8D27F0DF-EA95-4B61-93EE-4F5269D7E348} = {B93F0736-A3AC-4B79-8A13-CB7861F3DC29}
	EndGlobalSection
	GlobalSection(ExtensibilityGlobals) = postSolution
		SolutionGuid = {58808325-9050-460E-A0E1-EE4BC3FBD50D}
	EndGlobalSection
EndGlobal
